// !$*UTF8*$!
{
	archiveVersion = 1;
	classes = {
	};
	objectVersion = 46;
	objects = {

/* Begin PBXBuildFile section */
		FE8D07401A9156BC009A35D0 /* main.m in Sources */ = {isa = PBXBuildFile; fileRef = FE8D073F1A9156BC009A35D0 /* main.m */; };
		FE8D07431A9156BC009A35D0 /* AppDelegate.m in Sources */ = {isa = PBXBuildFile; fileRef = FE8D07421A9156BC009A35D0 /* AppDelegate.m */; };
		FE8D07461A9156BC009A35D0 /* ViewController.m in Sources */ = {isa = PBXBuildFile; fileRef = FE8D07451A9156BC009A35D0 /* ViewController.m */; };
		FE8D07491A9156BC009A35D0 /* Main.storyboard in Resources */ = {isa = PBXBuildFile; fileRef = FE8D07471A9156BC009A35D0 /* Main.storyboard */; };
		FE8D074B1A9156BC009A35D0 /* Images.xcassets in Resources */ = {isa = PBXBuildFile; fileRef = FE8D074A1A9156BC009A35D0 /* Images.xcassets */; };
		FE8D074E1A9156BC009A35D0 /* LaunchScreen.xib in Resources */ = {isa = PBXBuildFile; fileRef = FE8D074C1A9156BC009A35D0 /* LaunchScreen.xib */; };
		FE8D075A1A9156BD009A35D0 /* HW1VisualTests.m in Sources */ = {isa = PBXBuildFile; fileRef = FE8D07591A9156BD009A35D0 /* HW1VisualTests.m */; };
/* End PBXBuildFile section */

/* Begin PBXContainerItemProxy section */
		FE8D07541A9156BC009A35D0 /* PBXContainerItemProxy */ = {
			isa = PBXContainerItemProxy;
			containerPortal = FE8D07321A9156BB009A35D0 /* Project object */;
			proxyType = 1;
			remoteGlobalIDString = FE8D07391A9156BB009A35D0;
			remoteInfo = HW1Visual;
		};
/* End PBXContainerItemProxy section */

/* Begin PBXFileReference section */
		FE8D073A1A9156BB009A35D0 /* HW1Visual.app */ = {isa = PBXFileReference; explicitFileType = wrapper.application; includeInIndex = 0; path = HW1Visual.app; sourceTree = BUILT_PRODUCTS_DIR; };
		FE8D073E1A9156BB009A35D0 /* Info.plist */ = {isa = PBXFileReference; lastKnownFileType = text.plist.xml; path = Info.plist; sourceTree = "<group>"; };
		FE8D073F1A9156BC009A35D0 /* main.m */ = {isa = PBXFileReference; lastKnownFileType = sourcecode.c.objc; path = main.m; sourceTree = "<group>"; };
		FE8D07411A9156BC009A35D0 /* AppDelegate.h */ = {isa = PBXFileReference; lastKnownFileType = sourcecode.c.h; path = AppDelegate.h; sourceTree = "<group>"; };
		FE8D07421A9156BC009A35D0 /* AppDelegate.m */ = {isa = PBXFileReference; lastKnownFileType = sourcecode.c.objc; path = AppDelegate.m; sourceTree = "<group>"; };
		FE8D07441A9156BC009A35D0 /* ViewController.h */ = {isa = PBXFileReference; lastKnownFileType = sourcecode.c.h; path = ViewController.h; sourceTree = "<group>"; };
		FE8D07451A9156BC009A35D0 /* ViewController.m */ = {isa = PBXFileReference; lastKnownFileType = sourcecode.c.objc; path = ViewController.m; sourceTree = "<group>"; };
		FE8D07481A9156BC009A35D0 /* Base */ = {isa = PBXFileReference; lastKnownFileType = file.storyboard; name = Base; path = Base.lproj/Main.storyboard; sourceTree = "<group>"; };
		FE8D074A1A9156BC009A35D0 /* Images.xcassets */ = {isa = PBXFileReference; lastKnownFileType = folder.assetcatalog; path = Images.xcassets; sourceTree = "<group>"; };
		FE8D074D1A9156BC009A35D0 /* Base */ = {isa = PBXFileReference; lastKnownFileType = file.xib; name = Base; path = Base.lproj/LaunchScreen.xib; sourceTree = "<group>"; };
		FE8D07531A9156BC009A35D0 /* HW1VisualTests.xctest */ = {isa = PBXFileReference; explicitFileType = wrapper.cfbundle; includeInIndex = 0; path = HW1VisualTests.xctest; sourceTree = BUILT_PRODUCTS_DIR; };
		FE8D07581A9156BC009A35D0 /* Info.plist */ = {isa = PBXFileReference; lastKnownFileType = text.plist.xml; path = Info.plist; sourceTree = "<group>"; };
		FE8D07591A9156BD009A35D0 /* HW1VisualTests.m */ = {isa = PBXFileReference; lastKnownFileType = sourcecode.c.objc; path = HW1VisualTests.m; sourceTree = "<group>"; };
/* End PBXFileReference section */

/* Begin PBXFrameworksBuildPhase section */
		FE8D07371A9156BB009A35D0 /* Frameworks */ = {
			isa = PBXFrameworksBuildPhase;
			buildActionMask = 2147483647;
			files = (
			);
			runOnlyForDeploymentPostprocessing = 0;
		};
		FE8D07501A9156BC009A35D0 /* Frameworks */ = {
			isa = PBXFrameworksBuildPhase;
			buildActionMask = 2147483647;
			files = (
			);
			runOnlyForDeploymentPostprocessing = 0;
		};
/* End PBXFrameworksBuildPhase section */

/* Begin PBXGroup section */
		FE8D07311A9156BB009A35D0 = {
			isa = PBXGroup;
			children = (
				FE8D073C1A9156BB009A35D0 /* HW1Visual */,
				FE8D07561A9156BC009A35D0 /* HW1VisualTests */,
				FE8D073B1A9156BB009A35D0 /* Products */,
			);
			sourceTree = "<group>";
		};
		FE8D073B1A9156BB009A35D0 /* Products */ = {
			isa = PBXGroup;
			children = (
				FE8D073A1A9156BB009A35D0 /* HW1Visual.app */,
				FE8D07531A9156BC009A35D0 /* HW1VisualTests.xctest */,
			);
			name = Products;
			sourceTree = "<group>";
		};
		FE8D073C1A9156BB009A35D0 /* HW1Visual */ = {
			isa = PBXGroup;
			children = (
				FE8D07411A9156BC009A35D0 /* AppDelegate.h */,
				FE8D07421A9156BC009A35D0 /* AppDelegate.m */,
				FE8D07441A9156BC009A35D0 /* ViewController.h */,
				FE8D07451A9156BC009A35D0 /* ViewController.m */,
				FE8D07471A9156BC009A35D0 /* Main.storyboard */,
				FE8D074A1A9156BC009A35D0 /* Images.xcassets */,
				FE8D074C1A9156BC009A35D0 /* LaunchScreen.xib */,
				FE8D073D1A9156BB009A35D0 /* Supporting Files */,
			);
			path = HW1Visual;
			sourceTree = "<group>";
		};
		FE8D073D1A9156BB009A35D0 /* Supporting Files */ = {
			isa = PBXGroup;
			children = (
				FE8D073E1A9156BB009A35D0 /* Info.plist */,
				FE8D073F1A9156BC009A35D0 /* main.m */,
			);
			name = "Supporting Files";
			sourceTree = "<group>";
		};
		FE8D07561A9156BC009A35D0 /* HW1VisualTests */ = {
			isa = PBXGroup;
			children = (
				FE8D07591A9156BD009A35D0 /* HW1VisualTests.m */,
				FE8D07571A9156BC009A35D0 /* Supporting Files */,
			);
			path = HW1VisualTests;
			sourceTree = "<group>";
		};
		FE8D07571A9156BC009A35D0 /* Supporting Files */ = {
			isa = PBXGroup;
			children = (
				FE8D07581A9156BC009A35D0 /* Info.plist */,
			);
			name = "Supporting Files";
			sourceTree = "<group>";
		};
/* End PBXGroup section */

/* Begin PBXNativeTarget section */
		FE8D07391A9156BB009A35D0 /* HW1Visual */ = {
			isa = PBXNativeTarget;
			buildConfigurationList = FE8D075D1A9156BD009A35D0 /* Build configuration list for PBXNativeTarget "HW1Visual" */;
			buildPhases = (
				FE8D07361A9156BB009A35D0 /* Sources */,
				FE8D07371A9156BB009A35D0 /* Frameworks */,
				FE8D07381A9156BB009A35D0 /* Resources */,
			);
			buildRules = (
			);
			dependencies = (
			);
			name = HW1Visual;
			productName = HW1Visual;
			productReference = FE8D073A1A9156BB009A35D0 /* HW1Visual.app */;
			productType = "com.apple.product-type.application";
		};
		FE8D07521A9156BC009A35D0 /* HW1VisualTests */ = {
			isa = PBXNativeTarget;
			buildConfigurationList = FE8D07601A9156BD009A35D0 /* Build configuration list for PBXNativeTarget "HW1VisualTests" */;
			buildPhases = (
				FE8D074F1A9156BC009A35D0 /* Sources */,
				FE8D07501A9156BC009A35D0 /* Frameworks */,
				FE8D07511A9156BC009A35D0 /* Resources */,
			);
			buildRules = (
			);
			dependencies = (
				FE8D07551A9156BC009A35D0 /* PBXTargetDependency */,
			);
			name = HW1VisualTests;
			productName = HW1VisualTests;
			productReference = FE8D07531A9156BC009A35D0 /* HW1VisualTests.xctest */;
			productType = "com.apple.product-type.bundle.unit-test";
		};
/* End PBXNativeTarget section */

/* Begin PBXProject section */
		FE8D07321A9156BB009A35D0 /* Project object */ = {
			isa = PBXProject;
			attributes = {
				LastUpgradeCheck = 0610;
				ORGANIZATIONNAME = "Roy Hermann";
				TargetAttributes = {
					FE8D07391A9156BB009A35D0 = {
						CreatedOnToolsVersion = 6.1;
					};
					FE8D07521A9156BC009A35D0 = {
						CreatedOnToolsVersion = 6.1;
						TestTargetID = FE8D07391A9156BB009A35D0;
					};
				};
			};
			buildConfigurationList = FE8D07351A9156BB009A35D0 /* Build configuration list for PBXProject "HW1Visual" */;
			compatibilityVersion = "Xcode 3.2";
			developmentRegion = English;
			hasScannedForEncodings = 0;
			knownRegions = (
				en,
				Base,
			);
			mainGroup = FE8D07311A9156BB009A35D0;
			productRefGroup = FE8D073B1A9156BB009A35D0 /* Products */;
			projectDirPath = "";
			projectRoot = "";
			targets = (
				FE8D07391A9156BB009A35D0 /* HW1Visual */,
				FE8D07521A9156BC009A35D0 /* HW1VisualTests */,
			);
		};
/* End PBXProject section */

/* Begin PBXResourcesBuildPhase section */
		FE8D07381A9156BB009A35D0 /* Resources */ = {
			isa = PBXResourcesBuildPhase;
			buildActionMask = 2147483647;
			files = (
				FE8D07491A9156BC009A35D0 /* Main.storyboard in Resources */,
				FE8D074E1A9156BC009A35D0 /* LaunchScreen.xib in Resources */,
				FE8D074B1A9156BC009A35D0 /* Images.xcassets in Resources */,
			);
			runOnlyForDeploymentPostprocessing = 0;
		};
		FE8D07511A9156BC009A35D0 /* Resources */ = {
			isa = PBXResourcesBuildPhase;
			buildActionMask = 2147483647;
			files = (
			);
			runOnlyForDeploymentPostprocessing = 0;
		};
/* End PBXResourcesBuildPhase section */

/* Begin PBXSourcesBuildPhase section */
		FE8D07361A9156BB009A35D0 /* Sources */ = {
			isa = PBXSourcesBuildPhase;
			buildActionMask = 2147483647;
			files = (
				FE8D07461A9156BC009A35D0 /* ViewController.m in Sources */,
				FE8D07431A9156BC009A35D0 /* AppDelegate.m in Sources */,
				FE8D07401A9156BC009A35D0 /* main.m in Sources */,
			);
			runOnlyForDeploymentPostprocessing = 0;
		};
		FE8D074F1A9156BC009A35D0 /* Sources */ = {
			isa = PBXSourcesBuildPhase;
			buildActionMask = 2147483647;
			files = (
				FE8D075A1A9156BD009A35D0 /* HW1VisualTests.m in Sources */,
			);
			runOnlyForDeploymentPostprocessing = 0;
		};
/* End PBXSourcesBuildPhase section */

/* Begin PBXTargetDependency section */
		FE8D07551A9156BC009A35D0 /* PBXTargetDependency */ = {
			isa = PBXTargetDependency;
			target = FE8D07391A9156BB009A35D0 /* HW1Visual */;
			targetProxy = FE8D07541A9156BC009A35D0 /* PBXContainerItemProxy */;
		};
/* End PBXTargetDependency section */

/* Begin PBXVariantGroup section */
		FE8D07471A9156BC009A35D0 /* Main.storyboard */ = {
			isa = PBXVariantGroup;
			children = (
				FE8D07481A9156BC009A35D0 /* Base */,
			);
			name = Main.storyboard;
			sourceTree = "<group>";
		};
		FE8D074C1A9156BC009A35D0 /* LaunchScreen.xib */ = {
			isa = PBXVariantGroup;
			children = (
				FE8D074D1A9156BC009A35D0 /* Base */,
			);
			name = LaunchScreen.xib;
			sourceTree = "<group>";
		};
/* End PBXVariantGroup section */

/* Begin XCBuildConfiguration section */
		FE8D075B1A9156BD009A35D0 /* Debug */ = {
			isa = XCBuildConfiguration;
			buildSettings = {
				ALWAYS_SEARCH_USER_PATHS = NO;
				CLANG_CXX_LANGUAGE_STANDARD = "gnu++0x";
				CLANG_CXX_LIBRARY = "libc++";
				CLANG_ENABLE_MODULES = YES;
				CLANG_ENABLE_OBJC_ARC = YES;
				CLANG_WARN_BOOL_CONVERSION = YES;
				CLANG_WARN_CONSTANT_CONVERSION = YES;
				CLANG_WARN_DIRECT_OBJC_ISA_USAGE = YES_ERROR;
				CLANG_WARN_EMPTY_BODY = YES;
				CLANG_WARN_ENUM_CONVERSION = YES;
				CLANG_WARN_INT_CONVERSION = YES;
				CLANG_WARN_OBJC_ROOT_CLASS = YES_ERROR;
				CLANG_WARN_UNREACHABLE_CODE = YES;
				CLANG_WARN__DUPLICATE_METHOD_MATCH = YES;
				"CODE_SIGN_IDENTITY[sdk=iphoneos*]" = "iPhone Developer";
				COPY_PHASE_STRIP = NO;
				ENABLE_STRICT_OBJC_MSGSEND = YES;
				GCC_C_LANGUAGE_STANDARD = gnu99;
				GCC_DYNAMIC_NO_PIC = NO;
				GCC_OPTIMIZATION_LEVEL = 0;
				GCC_PREPROCESSOR_DEFINITIONS = (
					"DEBUG=1",
					"$(inherited)",
				);
				GCC_SYMBOLS_PRIVATE_EXTERN = NO;
				GCC_WARN_64_TO_32_BIT_CONVERSION = YES;
				GCC_WARN_ABOUT_RETURN_TYPE = YES_ERROR;
				GCC_WARN_UNDECLARED_SELECTOR = YES;
				GCC_WARN_UNINITIALIZED_AUTOS = YES_AGGRESSIVE;
				GCC_WARN_UNUSED_FUNCTION = YES;
				GCC_WARN_UNUSED_VARIABLE = YES;
				IPHONEOS_DEPLOYMENT_TARGET = 8.1;
				MTL_ENABLE_DEBUG_INFO = YES;
				ONLY_ACTIVE_ARCH = YES;
				SDKROOT = iphoneos;
			};
			name = Debug;
		};
		FE8D075C1A9156BD009A35D0 /* Release */ = {
			isa = XCBuildConfiguration;
			buildSettings = {
				ALWAYS_SEARCH_USER_PATHS = NO;
				CLANG_CXX_LANGUAGE_STANDARD = "gnu++0x";
				CLANG_CXX_LIBRARY = "libc++";
				CLANG_ENABLE_MODULES = YES;
				CLANG_ENABLE_OBJC_ARC = YES;
				CLANG_WARN_BOOL_CONVERSION = YES;
				CLANG_WARN_CONSTANT_CONVERSION = YES;
				CLANG_WARN_DIRECT_OBJC_ISA_USAGE = YES_ERROR;
				CLANG_WARN_EMPTY_BODY = YES;
				CLANG_WARN_ENUM_CONVERSION = YES;
				CLANG_WARN_INT_CONVERSION = YES;
				CLANG_WARN_OBJC_ROOT_CLASS = YES_ERROR;
				CLANG_WARN_UNREACHABLE_CODE = YES;
				CLANG_WARN__DUPLICATE_METHOD_MATCH = YES;
				"CODE_SIGN_IDENTITY[sdk=iphoneos*]" = "iPhone Developer";
				COPY_PHASE_STRIP = YES;
				ENABLE_NS_ASSERTIONS = NO;
				ENABLE_STRICT_OBJC_MSGSEND = YES;
				GCC_C_LANGUAGE_STANDARD = gnu99;
				GCC_WARN_64_TO_32_BIT_CONVERSION = YES;
				GCC_WARN_ABOUT_RETURN_TYPE = YES_ERROR;
				GCC_WARN_UNDECLARED_SELECTOR = YES;
				GCC_WARN_UNINITIALIZED_AUTOS = YES_AGGRESSIVE;
				GCC_WARN_UNUSED_FUNCTION = YES;
				GCC_WARN_UNUSED_VARIABLE = YES;
				IPHONEOS_DEPLOYMENT_TARGET = 8.1;
				MTL_ENABLE_DEBUG_INFO = NO;
				SDKROOT = iphoneos;
				VALIDATE_PRODUCT = YES;
			};
			name = Release;
		};
		FE8D075E1A9156BD009A35D0 /* Debug */ = {
			isa = XCBuildConfiguration;
			buildSettings = {
				ASSETCATALOG_COMPILER_APPICON_NAME = AppIcon;
				INFOPLIST_FILE = HW1Visual/Info.plist;
				LD_RUNPATH_SEARCH_PATHS = "$(inherited) @executable_path/Frameworks";
				PRODUCT_NAME = "$(TARGET_NAME)";
			};
			name = Debug;
		};
		FE8D075F1A9156BD009A35D0 /* Release */ = {
			isa = XCBuildConfiguration;
			buildSettings = {
				ASSETCATALOG_COMPILER_APPICON_NAME = AppIcon;
				INFOPLIST_FILE = HW1Visual/Info.plist;
				LD_RUNPATH_SEARCH_PATHS = "$(inherited) @executable_path/Frameworks";
				PRODUCT_NAME = "$(TARGET_NAME)";
			};
			name = Release;
		};
		FE8D07611A9156BD009A35D0 /* Debug */ = {
			isa = XCBuildConfiguration;
			buildSettings = {
				BUNDLE_LOADER = "$(TEST_HOST)";
				FRAMEWORK_SEARCH_PATHS = (
					"$(SDKROOT)/Developer/Library/Frameworks",
					"$(inherited)",
				);
				GCC_PREPROCESSOR_DEFINITIONS = (
					"DEBUG=1",
					"$(inherited)",
				);
				INFOPLIST_FILE = HW1VisualTests/Info.plist;
				LD_RUNPATH_SEARCH_PATHS = "$(inherited) @executable_path/Frameworks @loader_path/Frameworks";
				PRODUCT_NAME = "$(TARGET_NAME)";
				TEST_HOST = "$(BUILT_PRODUCTS_DIR)/HW1Visual.app/HW1Visual";
			};
			name = Debug;
		};
		FE8D07621A9156BD009A35D0 /* Release */ = {
			isa = XCBuildConfiguration;
			buildSettings = {
				BUNDLE_LOADER = "$(TEST_HOST)";
				FRAMEWORK_SEARCH_PATHS = (
					"$(SDKROOT)/Developer/Library/Frameworks",
					"$(inherited)",
				);
				INFOPLIST_FILE = HW1VisualTests/Info.plist;
				LD_RUNPATH_SEARCH_PATHS = "$(inherited) @executable_path/Frameworks @loader_path/Frameworks";
				PRODUCT_NAME = "$(TARGET_NAME)";
				TEST_HOST = "$(BUILT_PRODUCTS_DIR)/HW1Visual.app/HW1Visual";
			};
			name = Release;
		};
/* End XCBuildConfiguration section */

/* Begin XCConfigurationList section */
		FE8D07351A9156BB009A35D0 /* Build configuration list for PBXProject "HW1Visual" */ = {
			isa = XCConfigurationList;
			buildConfigurations = (
				FE8D075B1A9156BD009A35D0 /* Debug */,
				FE8D075C1A9156BD009A35D0 /* Release */,
			);
			defaultConfigurationIsVisible = 0;
			defaultConfigurationName = Release;
		};
		FE8D075D1A9156BD009A35D0 /* Build configuration list for PBXNativeTarget "HW1Visual" */ = {
			isa = XCConfigurationList;
			buildConfigurations = (
				FE8D075E1A9156BD009A35D0 /* Debug */,
				FE8D075F1A9156BD009A35D0 /* Release */,
			);
			defaultConfigurationIsVisible = 0;
		};
		FE8D07601A9156BD009A35D0 /* Build configuration list for PBXNativeTarget "HW1VisualTests" */ = {
			isa = XCConfigurationList;
			buildConfigurations = (
				FE8D07611A9156BD009A35D0 /* Debug */,
				FE8D07621A9156BD009A35D0 /* Release */,
			);
			defaultConfigurationIsVisible = 0;
		};
/* End XCConfigurationList section */
	};
	rootObject = FE8D07321A9156BB009A35D0 /* Project object */;
}
